// !$*UTF8*$!
{
	archiveVersion = 1;
	classes = {
	};
	objectVersion = 55;
	objects = {

/* Begin PBXBuildFile section */
		8803DE0E290A713D009B4431 /* AppDelegate.swift in Sources */ = {isa = PBXBuildFile; fileRef = 8803DE0D290A713D009B4431 /* AppDelegate.swift */; };
		8803DE10290A713D009B4431 /* SceneDelegate.swift in Sources */ = {isa = PBXBuildFile; fileRef = 8803DE0F290A713D009B4431 /* SceneDelegate.swift */; };
		8803DE12290A713D009B4431 /* AssetsListViewController.swift in Sources */ = {isa = PBXBuildFile; fileRef = 8803DE11290A713D009B4431 /* AssetsListViewController.swift */; };
		8803DE17290A713E009B4431 /* Assets.xcassets in Resources */ = {isa = PBXBuildFile; fileRef = 8803DE16290A713E009B4431 /* Assets.xcassets */; };
		8803DE1A290A713E009B4431 /* LaunchScreen.storyboard in Resources */ = {isa = PBXBuildFile; fileRef = 8803DE18290A713E009B4431 /* LaunchScreen.storyboard */; };
		8803DE25290A713E009B4431 /* TechChallengeTests.swift in Sources */ = {isa = PBXBuildFile; fileRef = 8803DE24290A713E009B4431 /* TechChallengeTests.swift */; };
		8803DE3E290A73CC009B4431 /* AssetViewerViewController.swift in Sources */ = {isa = PBXBuildFile; fileRef = 8803DE3D290A73CC009B4431 /* AssetViewerViewController.swift */; };
		8803DE41290A7EEE009B4431 /* AssetPreviewCollectionViewCell.swift in Sources */ = {isa = PBXBuildFile; fileRef = 8803DE40290A7EEE009B4431 /* AssetPreviewCollectionViewCell.swift */; };
		8803DE48290A8672009B4431 /* UIViewController+Alert.swift in Sources */ = {isa = PBXBuildFile; fileRef = 8803DE47290A8672009B4431 /* UIViewController+Alert.swift */; };
		8803DE4A290A885F009B4431 /* PhotoLibraryFetchAssetsHandler.swift in Sources */ = {isa = PBXBuildFile; fileRef = 8803DE49290A885F009B4431 /* PhotoLibraryFetchAssetsHandler.swift */; };
		881BCD7A290BBE68005451E2 /* Array+Utilities.swift in Sources */ = {isa = PBXBuildFile; fileRef = 881BCD79290BBE68005451E2 /* Array+Utilities.swift */; };
		8841E781290C0738006763EB /* UIRoutines.swift in Sources */ = {isa = PBXBuildFile; fileRef = 8841E780290C0738006763EB /* UIRoutines.swift */; };
		88FD6BEE290AAC3D007230A8 /* VisionSaliencyHandler.swift in Sources */ = {isa = PBXBuildFile; fileRef = 88FD6BED290AAC3D007230A8 /* VisionSaliencyHandler.swift */; };
/* End PBXBuildFile section */

/* Begin PBXContainerItemProxy section */
		8803DE21290A713E009B4431 /* PBXContainerItemProxy */ = {
			isa = PBXContainerItemProxy;
			containerPortal = 8803DE02290A713D009B4431 /* Project object */;
			proxyType = 1;
			remoteGlobalIDString = 8803DE09290A713D009B4431;
			remoteInfo = TechChallenge;
		};
/* End PBXContainerItemProxy section */

/* Begin PBXFileReference section */
		8803DE0A290A713D009B4431 /* TechChallenge.app */ = {isa = PBXFileReference; explicitFileType = wrapper.application; includeInIndex = 0; path = TechChallenge.app; sourceTree = BUILT_PRODUCTS_DIR; };
		8803DE0D290A713D009B4431 /* AppDelegate.swift */ = {isa = PBXFileReference; lastKnownFileType = sourcecode.swift; path = AppDelegate.swift; sourceTree = "<group>"; };
		8803DE0F290A713D009B4431 /* SceneDelegate.swift */ = {isa = PBXFileReference; lastKnownFileType = sourcecode.swift; path = SceneDelegate.swift; sourceTree = "<group>"; };
		8803DE11290A713D009B4431 /* AssetsListViewController.swift */ = {isa = PBXFileReference; lastKnownFileType = sourcecode.swift; path = AssetsListViewController.swift; sourceTree = "<group>"; };
		8803DE16290A713E009B4431 /* Assets.xcassets */ = {isa = PBXFileReference; lastKnownFileType = folder.assetcatalog; path = Assets.xcassets; sourceTree = "<group>"; };
		8803DE19290A713E009B4431 /* Base */ = {isa = PBXFileReference; lastKnownFileType = file.storyboard; name = Base; path = Base.lproj/LaunchScreen.storyboard; sourceTree = "<group>"; };
		8803DE1B290A713E009B4431 /* Info.plist */ = {isa = PBXFileReference; lastKnownFileType = text.plist.xml; path = Info.plist; sourceTree = "<group>"; };
		8803DE20290A713E009B4431 /* TechChallengeTests.xctest */ = {isa = PBXFileReference; explicitFileType = wrapper.cfbundle; includeInIndex = 0; path = TechChallengeTests.xctest; sourceTree = BUILT_PRODUCTS_DIR; };
		8803DE24290A713E009B4431 /* TechChallengeTests.swift */ = {isa = PBXFileReference; lastKnownFileType = sourcecode.swift; path = TechChallengeTests.swift; sourceTree = "<group>"; };
		8803DE3D290A73CC009B4431 /* AssetViewerViewController.swift */ = {isa = PBXFileReference; lastKnownFileType = sourcecode.swift; path = AssetViewerViewController.swift; sourceTree = "<group>"; };
		8803DE40290A7EEE009B4431 /* AssetPreviewCollectionViewCell.swift */ = {isa = PBXFileReference; lastKnownFileType = sourcecode.swift; path = AssetPreviewCollectionViewCell.swift; sourceTree = "<group>"; };
		8803DE47290A8672009B4431 /* UIViewController+Alert.swift */ = {isa = PBXFileReference; lastKnownFileType = sourcecode.swift; path = "UIViewController+Alert.swift"; sourceTree = "<group>"; };
		8803DE49290A885F009B4431 /* PhotoLibraryFetchAssetsHandler.swift */ = {isa = PBXFileReference; lastKnownFileType = sourcecode.swift; path = PhotoLibraryFetchAssetsHandler.swift; sourceTree = "<group>"; };
		881BCD79290BBE68005451E2 /* Array+Utilities.swift */ = {isa = PBXFileReference; lastKnownFileType = sourcecode.swift; path = "Array+Utilities.swift"; sourceTree = "<group>"; };
		8841E780290C0738006763EB /* UIRoutines.swift */ = {isa = PBXFileReference; lastKnownFileType = sourcecode.swift; path = UIRoutines.swift; sourceTree = "<group>"; };
		88FD6BED290AAC3D007230A8 /* VisionSaliencyHandler.swift */ = {isa = PBXFileReference; lastKnownFileType = sourcecode.swift; path = VisionSaliencyHandler.swift; sourceTree = "<group>"; };
/* End PBXFileReference section */

/* Begin PBXFrameworksBuildPhase section */
		8803DE07290A713D009B4431 /* Frameworks */ = {
			isa = PBXFrameworksBuildPhase;
			buildActionMask = 2147483647;
			files = (
			);
			runOnlyForDeploymentPostprocessing = 0;
		};
		8803DE1D290A713E009B4431 /* Frameworks */ = {
			isa = PBXFrameworksBuildPhase;
			buildActionMask = 2147483647;
			files = (
			);
			runOnlyForDeploymentPostprocessing = 0;
		};
/* End PBXFrameworksBuildPhase section */

/* Begin PBXGroup section */
		8803DE01290A713D009B4431 = {
			isa = PBXGroup;
			children = (
				8803DE0C290A713D009B4431 /* TechChallenge */,
				8803DE23290A713E009B4431 /* TechChallengeTests */,
				8803DE0B290A713D009B4431 /* Products */,
			);
			sourceTree = "<group>";
		};
		8803DE0B290A713D009B4431 /* Products */ = {
			isa = PBXGroup;
			children = (
				8803DE0A290A713D009B4431 /* TechChallenge.app */,
				8803DE20290A713E009B4431 /* TechChallengeTests.xctest */,
			);
			name = Products;
			sourceTree = "<group>";
		};
		8803DE0C290A713D009B4431 /* TechChallenge */ = {
			isa = PBXGroup;
			children = (
				8803DE0D290A713D009B4431 /* AppDelegate.swift */,
				8803DE0F290A713D009B4431 /* SceneDelegate.swift */,
				8803DE42290A7F5E009B4431 /* AssetsPreviewList */,
				8803DE43290A7F6F009B4431 /* AssetsDetail */,
				88FD6BF5290B0780007230A8 /* RoutinesHandlers */,
				88FD6BF4290B0761007230A8 /* Extensions */,
				8803DE3F290A73FC009B4431 /* Resources */,
				8803DE1B290A713E009B4431 /* Info.plist */,
			);
			path = TechChallenge;
			sourceTree = "<group>";
		};
		8803DE23290A713E009B4431 /* TechChallengeTests */ = {
			isa = PBXGroup;
			children = (
				8803DE24290A713E009B4431 /* TechChallengeTests.swift */,
			);
			path = TechChallengeTests;
			sourceTree = "<group>";
		};
		8803DE3F290A73FC009B4431 /* Resources */ = {
			isa = PBXGroup;
			children = (
				8803DE16290A713E009B4431 /* Assets.xcassets */,
				8803DE18290A713E009B4431 /* LaunchScreen.storyboard */,
			);
			path = Resources;
			sourceTree = "<group>";
		};
		8803DE42290A7F5E009B4431 /* AssetsPreviewList */ = {
			isa = PBXGroup;
			children = (
				8803DE11290A713D009B4431 /* AssetsListViewController.swift */,
				8803DE40290A7EEE009B4431 /* AssetPreviewCollectionViewCell.swift */,
			);
			path = AssetsPreviewList;
			sourceTree = "<group>";
		};
		8803DE43290A7F6F009B4431 /* AssetsDetail */ = {
			isa = PBXGroup;
			children = (
				8803DE3D290A73CC009B4431 /* AssetViewerViewController.swift */,
			);
			path = AssetsDetail;
			sourceTree = "<group>";
		};
		88FD6BF4290B0761007230A8 /* Extensions */ = {
			isa = PBXGroup;
			children = (
				8803DE47290A8672009B4431 /* UIViewController+Alert.swift */,
				881BCD79290BBE68005451E2 /* Array+Utilities.swift */,
			);
			path = Extensions;
			sourceTree = "<group>";
		};
		88FD6BF5290B0780007230A8 /* RoutinesHandlers */ = {
			isa = PBXGroup;
			children = (
				8803DE49290A885F009B4431 /* PhotoLibraryFetchAssetsHandler.swift */,
				88FD6BED290AAC3D007230A8 /* VisionSaliencyHandler.swift */,
				8841E780290C0738006763EB /* UIRoutines.swift */,
			);
			path = RoutinesHandlers;
			sourceTree = "<group>";
		};
/* End PBXGroup section */

/* Begin PBXNativeTarget section */
		8803DE09290A713D009B4431 /* TechChallenge */ = {
			isa = PBXNativeTarget;
			buildConfigurationList = 8803DE34290A713F009B4431 /* Build configuration list for PBXNativeTarget "TechChallenge" */;
			buildPhases = (
				8803DE06290A713D009B4431 /* Sources */,
				8803DE07290A713D009B4431 /* Frameworks */,
				8803DE08290A713D009B4431 /* Resources */,
			);
			buildRules = (
			);
			dependencies = (
			);
			name = TechChallenge;
			productName = TechChallenge;
			productReference = 8803DE0A290A713D009B4431 /* TechChallenge.app */;
			productType = "com.apple.product-type.application";
		};
		8803DE1F290A713E009B4431 /* TechChallengeTests */ = {
			isa = PBXNativeTarget;
			buildConfigurationList = 8803DE37290A713F009B4431 /* Build configuration list for PBXNativeTarget "TechChallengeTests" */;
			buildPhases = (
				8803DE1C290A713E009B4431 /* Sources */,
				8803DE1D290A713E009B4431 /* Frameworks */,
				8803DE1E290A713E009B4431 /* Resources */,
			);
			buildRules = (
			);
			dependencies = (
				8803DE22290A713E009B4431 /* PBXTargetDependency */,
			);
			name = TechChallengeTests;
			productName = TechChallengeTests;
			productReference = 8803DE20290A713E009B4431 /* TechChallengeTests.xctest */;
			productType = "com.apple.product-type.bundle.unit-test";
		};
/* End PBXNativeTarget section */

/* Begin PBXProject section */
		8803DE02290A713D009B4431 /* Project object */ = {
			isa = PBXProject;
			attributes = {
				BuildIndependentTargetsInParallel = 1;
				LastSwiftUpdateCheck = 1340;
				LastUpgradeCheck = 1340;
				TargetAttributes = {
					8803DE09290A713D009B4431 = {
						CreatedOnToolsVersion = 13.4.1;
					};
					8803DE1F290A713E009B4431 = {
						CreatedOnToolsVersion = 13.4.1;
						TestTargetID = 8803DE09290A713D009B4431;
					};
				};
			};
			buildConfigurationList = 8803DE05290A713D009B4431 /* Build configuration list for PBXProject "TechChallenge" */;
			compatibilityVersion = "Xcode 13.0";
			developmentRegion = en;
			hasScannedForEncodings = 0;
			knownRegions = (
				en,
				Base,
			);
			mainGroup = 8803DE01290A713D009B4431;
			productRefGroup = 8803DE0B290A713D009B4431 /* Products */;
			projectDirPath = "";
			projectRoot = "";
			targets = (
				8803DE09290A713D009B4431 /* TechChallenge */,
				8803DE1F290A713E009B4431 /* TechChallengeTests */,
			);
		};
/* End PBXProject section */

/* Begin PBXResourcesBuildPhase section */
		8803DE08290A713D009B4431 /* Resources */ = {
			isa = PBXResourcesBuildPhase;
			buildActionMask = 2147483647;
			files = (
				8803DE1A290A713E009B4431 /* LaunchScreen.storyboard in Resources */,
				8803DE17290A713E009B4431 /* Assets.xcassets in Resources */,
			);
			runOnlyForDeploymentPostprocessing = 0;
		};
		8803DE1E290A713E009B4431 /* Resources */ = {
			isa = PBXResourcesBuildPhase;
			buildActionMask = 2147483647;
			files = (
			);
			runOnlyForDeploymentPostprocessing = 0;
		};
/* End PBXResourcesBuildPhase section */

/* Begin PBXSourcesBuildPhase section */
		8803DE06290A713D009B4431 /* Sources */ = {
			isa = PBXSourcesBuildPhase;
			buildActionMask = 2147483647;
			files = (
				881BCD7A290BBE68005451E2 /* Array+Utilities.swift in Sources */,
				88FD6BEE290AAC3D007230A8 /* VisionSaliencyHandler.swift in Sources */,
				8803DE12290A713D009B4431 /* AssetsListViewController.swift in Sources */,
				8803DE4A290A885F009B4431 /* PhotoLibraryFetchAssetsHandler.swift in Sources */,
				8803DE41290A7EEE009B4431 /* AssetPreviewCollectionViewCell.swift in Sources */,
				8841E781290C0738006763EB /* UIRoutines.swift in Sources */,
				8803DE0E290A713D009B4431 /* AppDelegate.swift in Sources */,
				8803DE10290A713D009B4431 /* SceneDelegate.swift in Sources */,
				8803DE3E290A73CC009B4431 /* AssetViewerViewController.swift in Sources */,
				8803DE48290A8672009B4431 /* UIViewController+Alert.swift in Sources */,
			);
			runOnlyForDeploymentPostprocessing = 0;
		};
		8803DE1C290A713E009B4431 /* Sources */ = {
			isa = PBXSourcesBuildPhase;
			buildActionMask = 2147483647;
			files = (
				8803DE25290A713E009B4431 /* TechChallengeTests.swift in Sources */,
			);
			runOnlyForDeploymentPostprocessing = 0;
		};
/* End PBXSourcesBuildPhase section */

/* Begin PBXTargetDependency section */
		8803DE22290A713E009B4431 /* PBXTargetDependency */ = {
			isa = PBXTargetDependency;
			target = 8803DE09290A713D009B4431 /* TechChallenge */;
			targetProxy = 8803DE21290A713E009B4431 /* PBXContainerItemProxy */;
		};
/* End PBXTargetDependency section */

/* Begin PBXVariantGroup section */
		8803DE18290A713E009B4431 /* LaunchScreen.storyboard */ = {
			isa = PBXVariantGroup;
			children = (
				8803DE19290A713E009B4431 /* Base */,
			);
			name = LaunchScreen.storyboard;
			sourceTree = "<group>";
		};
/* End PBXVariantGroup section */

/* Begin XCBuildConfiguration section */
		8803DE32290A713F009B4431 /* Debug */ = {
			isa = XCBuildConfiguration;
			buildSettings = {
				ALWAYS_SEARCH_USER_PATHS = NO;
				CLANG_ANALYZER_NONNULL = YES;
				CLANG_ANALYZER_NUMBER_OBJECT_CONVERSION = YES_AGGRESSIVE;
				CLANG_CXX_LANGUAGE_STANDARD = "gnu++17";
				CLANG_ENABLE_MODULES = YES;
				CLANG_ENABLE_OBJC_ARC = YES;
				CLANG_ENABLE_OBJC_WEAK = YES;
				CLANG_WARN_BLOCK_CAPTURE_AUTORELEASING = YES;
				CLANG_WARN_BOOL_CONVERSION = YES;
				CLANG_WARN_COMMA = YES;
				CLANG_WARN_CONSTANT_CONVERSION = YES;
				CLANG_WARN_DEPRECATED_OBJC_IMPLEMENTATIONS = YES;
				CLANG_WARN_DIRECT_OBJC_ISA_USAGE = YES_ERROR;
				CLANG_WARN_DOCUMENTATION_COMMENTS = YES;
				CLANG_WARN_EMPTY_BODY = YES;
				CLANG_WARN_ENUM_CONVERSION = YES;
				CLANG_WARN_INFINITE_RECURSION = YES;
				CLANG_WARN_INT_CONVERSION = YES;
				CLANG_WARN_NON_LITERAL_NULL_CONVERSION = YES;
				CLANG_WARN_OBJC_IMPLICIT_RETAIN_SELF = YES;
				CLANG_WARN_OBJC_LITERAL_CONVERSION = YES;
				CLANG_WARN_OBJC_ROOT_CLASS = YES_ERROR;
				CLANG_WARN_QUOTED_INCLUDE_IN_FRAMEWORK_HEADER = YES;
				CLANG_WARN_RANGE_LOOP_ANALYSIS = YES;
				CLANG_WARN_STRICT_PROTOTYPES = YES;
				CLANG_WARN_SUSPICIOUS_MOVE = YES;
				CLANG_WARN_UNGUARDED_AVAILABILITY = YES_AGGRESSIVE;
				CLANG_WARN_UNREACHABLE_CODE = YES;
				CLANG_WARN__DUPLICATE_METHOD_MATCH = YES;
				COPY_PHASE_STRIP = NO;
				DEBUG_INFORMATION_FORMAT = dwarf;
				ENABLE_STRICT_OBJC_MSGSEND = YES;
				ENABLE_TESTABILITY = YES;
				GCC_C_LANGUAGE_STANDARD = gnu11;
				GCC_DYNAMIC_NO_PIC = NO;
				GCC_NO_COMMON_BLOCKS = YES;
				GCC_OPTIMIZATION_LEVEL = 0;
				GCC_PREPROCESSOR_DEFINITIONS = (
					"DEBUG=1",
					"$(inherited)",
				);
				GCC_WARN_64_TO_32_BIT_CONVERSION = YES;
				GCC_WARN_ABOUT_RETURN_TYPE = YES_ERROR;
				GCC_WARN_UNDECLARED_SELECTOR = YES;
				GCC_WARN_UNINITIALIZED_AUTOS = YES_AGGRESSIVE;
				GCC_WARN_UNUSED_FUNCTION = YES;
				GCC_WARN_UNUSED_VARIABLE = YES;
				IPHONEOS_DEPLOYMENT_TARGET = 14.0;
				MTL_ENABLE_DEBUG_INFO = INCLUDE_SOURCE;
				MTL_FAST_MATH = YES;
				ONLY_ACTIVE_ARCH = YES;
				SDKROOT = iphoneos;
				SWIFT_ACTIVE_COMPILATION_CONDITIONS = DEBUG;
				SWIFT_OPTIMIZATION_LEVEL = "-Onone";
			};
			name = Debug;
		};
		8803DE33290A713F009B4431 /* Release */ = {
			isa = XCBuildConfiguration;
			buildSettings = {
				ALWAYS_SEARCH_USER_PATHS = NO;
				CLANG_ANALYZER_NONNULL = YES;
				CLANG_ANALYZER_NUMBER_OBJECT_CONVERSION = YES_AGGRESSIVE;
				CLANG_CXX_LANGUAGE_STANDARD = "gnu++17";
				CLANG_ENABLE_MODULES = YES;
				CLANG_ENABLE_OBJC_ARC = YES;
				CLANG_ENABLE_OBJC_WEAK = YES;
				CLANG_WARN_BLOCK_CAPTURE_AUTORELEASING = YES;
				CLANG_WARN_BOOL_CONVERSION = YES;
				CLANG_WARN_COMMA = YES;
				CLANG_WARN_CONSTANT_CONVERSION = YES;
				CLANG_WARN_DEPRECATED_OBJC_IMPLEMENTATIONS = YES;
				CLANG_WARN_DIRECT_OBJC_ISA_USAGE = YES_ERROR;
				CLANG_WARN_DOCUMENTATION_COMMENTS = YES;
				CLANG_WARN_EMPTY_BODY = YES;
				CLANG_WARN_ENUM_CONVERSION = YES;
				CLANG_WARN_INFINITE_RECURSION = YES;
				CLANG_WARN_INT_CONVERSION = YES;
				CLANG_WARN_NON_LITERAL_NULL_CONVERSION = YES;
				CLANG_WARN_OBJC_IMPLICIT_RETAIN_SELF = YES;
				CLANG_WARN_OBJC_LITERAL_CONVERSION = YES;
				CLANG_WARN_OBJC_ROOT_CLASS = YES_ERROR;
				CLANG_WARN_QUOTED_INCLUDE_IN_FRAMEWORK_HEADER = YES;
				CLANG_WARN_RANGE_LOOP_ANALYSIS = YES;
				CLANG_WARN_STRICT_PROTOTYPES = YES;
				CLANG_WARN_SUSPICIOUS_MOVE = YES;
				CLANG_WARN_UNGUARDED_AVAILABILITY = YES_AGGRESSIVE;
				CLANG_WARN_UNREACHABLE_CODE = YES;
				CLANG_WARN__DUPLICATE_METHOD_MATCH = YES;
				COPY_PHASE_STRIP = NO;
				DEBUG_INFORMATION_FORMAT = "dwarf-with-dsym";
				ENABLE_NS_ASSERTIONS = NO;
				ENABLE_STRICT_OBJC_MSGSEND = YES;
				GCC_C_LANGUAGE_STANDARD = gnu11;
				GCC_NO_COMMON_BLOCKS = YES;
				GCC_WARN_64_TO_32_BIT_CONVERSION = YES;
				GCC_WARN_ABOUT_RETURN_TYPE = YES_ERROR;
				GCC_WARN_UNDECLARED_SELECTOR = YES;
				GCC_WARN_UNINITIALIZED_AUTOS = YES_AGGRESSIVE;
				GCC_WARN_UNUSED_FUNCTION = YES;
				GCC_WARN_UNUSED_VARIABLE = YES;
				IPHONEOS_DEPLOYMENT_TARGET = 14.0;
				MTL_ENABLE_DEBUG_INFO = NO;
				MTL_FAST_MATH = YES;
				SDKROOT = iphoneos;
				SWIFT_COMPILATION_MODE = wholemodule;
				SWIFT_OPTIMIZATION_LEVEL = "-O";
				VALIDATE_PRODUCT = YES;
			};
			name = Release;
		};
		8803DE35290A713F009B4431 /* Debug */ = {
			isa = XCBuildConfiguration;
			buildSettings = {
				ASSETCATALOG_COMPILER_APPICON_NAME = AppIcon;
				ASSETCATALOG_COMPILER_GLOBAL_ACCENT_COLOR_NAME = AccentColor;
				CODE_SIGN_STYLE = Automatic;
				CURRENT_PROJECT_VERSION = 1;
				GENERATE_INFOPLIST_FILE = YES;
				INFOPLIST_FILE = TechChallenge/Info.plist;
				INFOPLIST_KEY_NSPhotoLibraryUsageDescription = "Please allow access to get photo from your photo library";
				INFOPLIST_KEY_UIApplicationSupportsIndirectInputEvents = YES;
				INFOPLIST_KEY_UILaunchStoryboardName = LaunchScreen;
				INFOPLIST_KEY_UISupportedInterfaceOrientations = UIInterfaceOrientationPortrait;
				INFOPLIST_KEY_UISupportedInterfaceOrientations_iPad = "UIInterfaceOrientationPortrait UIInterfaceOrientationPortraitUpsideDown UIInterfaceOrientationLandscapeLeft UIInterfaceOrientationLandscapeRight";
				INFOPLIST_KEY_UISupportedInterfaceOrientations_iPhone = "UIInterfaceOrientationPortrait UIInterfaceOrientationLandscapeLeft UIInterfaceOrientationLandscapeRight";
				LD_RUNPATH_SEARCH_PATHS = (
					"$(inherited)",
					"@executable_path/Frameworks",
				);
				MARKETING_VERSION = 1.0;
				PRODUCT_BUNDLE_IDENTIFIER = com.testId.TechChallenge;
				PRODUCT_NAME = "$(TARGET_NAME)";
				SWIFT_EMIT_LOC_STRINGS = YES;
				SWIFT_VERSION = 5.0;
				TARGETED_DEVICE_FAMILY = 1;
			};
			name = Debug;
		};
		8803DE36290A713F009B4431 /* Release */ = {
			isa = XCBuildConfiguration;
			buildSettings = {
				ASSETCATALOG_COMPILER_APPICON_NAME = AppIcon;
				ASSETCATALOG_COMPILER_GLOBAL_ACCENT_COLOR_NAME = AccentColor;
				CODE_SIGN_STYLE = Automatic;
				CURRENT_PROJECT_VERSION = 1;
				GENERATE_INFOPLIST_FILE = YES;
				INFOPLIST_FILE = TechChallenge/Info.plist;
				INFOPLIST_KEY_NSPhotoLibraryUsageDescription = "Please allow access to get photo from your photo library";
				INFOPLIST_KEY_UIApplicationSupportsIndirectInputEvents = YES;
				INFOPLIST_KEY_UILaunchStoryboardName = LaunchScreen;
				INFOPLIST_KEY_UISupportedInterfaceOrientations = UIInterfaceOrientationPortrait;
				INFOPLIST_KEY_UISupportedInterfaceOrientations_iPad = "UIInterfaceOrientationPortrait UIInterfaceOrientationPortraitUpsideDown UIInterfaceOrientationLandscapeLeft UIInterfaceOrientationLandscapeRight";
				INFOPLIST_KEY_UISupportedInterfaceOrientations_iPhone = "UIInterfaceOrientationPortrait UIInterfaceOrientationLandscapeLeft UIInterfaceOrientationLandscapeRight";
				LD_RUNPATH_SEARCH_PATHS = (
					"$(inherited)",
					"@executable_path/Frameworks",
				);
				MARKETING_VERSION = 1.0;
				PRODUCT_BUNDLE_IDENTIFIER = com.testId.TechChallenge;
				PRODUCT_NAME = "$(TARGET_NAME)";
				SWIFT_EMIT_LOC_STRINGS = YES;
				SWIFT_VERSION = 5.0;
				TARGETED_DEVICE_FAMILY = 1;
			};
			name = Release;
		};
		8803DE38290A713F009B4431 /* Debug */ = {
			isa = XCBuildConfiguration;
			buildSettings = {
				ALWAYS_EMBED_SWIFT_STANDARD_LIBRARIES = YES;
				BUNDLE_LOADER = "$(TEST_HOST)";
				CODE_SIGN_STYLE = Automatic;
				CURRENT_PROJECT_VERSION = 1;
				GENERATE_INFOPLIST_FILE = YES;
				IPHONEOS_DEPLOYMENT_TARGET = 15.5;
				MARKETING_VERSION = 1.0;
				PRODUCT_BUNDLE_IDENTIFIER = com.testId.TechChallengeTests;
				PRODUCT_NAME = "$(TARGET_NAME)";
				SWIFT_EMIT_LOC_STRINGS = NO;
				SWIFT_VERSION = 5.0;
				TARGETED_DEVICE_FAMILY = "1,2";
				TEST_HOST = "$(BUILT_PRODUCTS_DIR)/TechChallenge.app/TechChallenge";
			};
			name = Debug;
		};
		8803DE39290A713F009B4431 /* Release */ = {
			isa = XCBuildConfiguration;
			buildSettings = {
				ALWAYS_EMBED_SWIFT_STANDARD_LIBRARIES = YES;
				BUNDLE_LOADER = "$(TEST_HOST)";
				CODE_SIGN_STYLE = Automatic;
				CURRENT_PROJECT_VERSION = 1;
				GENERATE_INFOPLIST_FILE = YES;
				IPHONEOS_DEPLOYMENT_TARGET = 15.5;
				MARKETING_VERSION = 1.0;
				PRODUCT_BUNDLE_IDENTIFIER = com.testId.TechChallengeTests;
				PRODUCT_NAME = "$(TARGET_NAME)";
				SWIFT_EMIT_LOC_STRINGS = NO;
				SWIFT_VERSION = 5.0;
				TARGETED_DEVICE_FAMILY = "1,2";
				TEST_HOST = "$(BUILT_PRODUCTS_DIR)/TechChallenge.app/TechChallenge";
			};
			name = Release;
		};
/* End XCBuildConfiguration section */

/* Begin XCConfigurationList section */
		8803DE05290A713D009B4431 /* Build configuration list for PBXProject "TechChallenge" */ = {
			isa = XCConfigurationList;
			buildConfigurations = (
				8803DE32290A713F009B4431 /* Debug */,
				8803DE33290A713F009B4431 /* Release */,
			);
			defaultConfigurationIsVisible = 0;
			defaultConfigurationName = Release;
		};
		8803DE34290A713F009B4431 /* Build configuration list for PBXNativeTarget "TechChallenge" */ = {
			isa = XCConfigurationList;
			buildConfigurations = (
				8803DE35290A713F009B4431 /* Debug */,
				8803DE36290A713F009B4431 /* Release */,
			);
			defaultConfigurationIsVisible = 0;
			defaultConfigurationName = Release;
		};
		8803DE37290A713F009B4431 /* Build configuration list for PBXNativeTarget "TechChallengeTests" */ = {
			isa = XCConfigurationList;
			buildConfigurations = (
				8803DE38290A713F009B4431 /* Debug */,
				8803DE39290A713F009B4431 /* Release */,
			);
			defaultConfigurationIsVisible = 0;
			defaultConfigurationName = Release;
		};
/* End XCConfigurationList section */
	};
	rootObject = 8803DE02290A713D009B4431 /* Project object */;
}
